
Microsoft Visual Studio Solution File, Format Version 12.00
# Visual Studio Express 2012 for Windows Desktop
Project("{FAE04EC0-301F-11D3-BF4B-00C04F79EFBC}") = "Silkworm", "Silkworm.csproj", "{C620B1F3-E06A-4F50-9FDF-FEEC4F911F68}"
EndProject
Global
	GlobalSection(SolutionConfigurationPlatforms) = preSolution
		Debug64|Any CPU = Debug64|Any CPU
		Release|Any CPU = Release|Any CPU
	EndGlobalSection
	GlobalSection(ProjectConfigurationPlatforms) = postSolution
		{C620B1F3-E06A-4F50-9FDF-FEEC4F911F68}.Debug64|Any CPU.ActiveCfg = Debug64|Any CPU
		{C620B1F3-E06A-4F50-9FDF-FEEC4F911F68}.Debug64|Any CPU.Build.0 = Debug64|Any CPU
		{C620B1F3-E06A-4F50-9FDF-FEEC4F911F68}.Release|Any CPU.ActiveCfg = Release|Any CPU
		{C620B1F3-E06A-4F50-9FDF-FEEC4F911F68}.Release|Any CPU.Build.0 = Release|Any CPU
	EndGlobalSection
	GlobalSection(SolutionProperties) = preSolution
		HideSolutionNode = FALSE
	EndGlobalSection
EndGlobal
